// !$*UTF8*$!
{
	archiveVersion = 1;
	classes = {
	};
	objectVersion = 50;
	objects = {

/* Begin PBXBuildFile section */
		6819BA6A2A45D19B0078CAA9 /* AppDelegate.swift in Sources */ = {isa = PBXBuildFile; fileRef = 6819BA692A45D19B0078CAA9 /* AppDelegate.swift */; };
		6819BA6C2A45D19B0078CAA9 /* SceneDelegate.swift in Sources */ = {isa = PBXBuildFile; fileRef = 6819BA6B2A45D19B0078CAA9 /* SceneDelegate.swift */; };
		6819BA6E2A45D19B0078CAA9 /* self.tableView.reloadData().swift in Sources */ = {isa = PBXBuildFile; fileRef = 6819BA6D2A45D19B0078CAA9 /* self.tableView.reloadData().swift */; };
		6819BA712A45D19B0078CAA9 /* Main.storyboard in Resources */ = {isa = PBXBuildFile; fileRef = 6819BA6F2A45D19B0078CAA9 /* Main.storyboard */; };
		6819BA732A45D19D0078CAA9 /* Assets.xcassets in Resources */ = {isa = PBXBuildFile; fileRef = 6819BA722A45D19D0078CAA9 /* Assets.xcassets */; };
		6819BA762A45D19D0078CAA9 /* LaunchScreen.storyboard in Resources */ = {isa = PBXBuildFile; fileRef = 6819BA742A45D19D0078CAA9 /* LaunchScreen.storyboard */; };
		6819BA812A45D19D0078CAA9 /* listFromJsonTests.swift in Sources */ = {isa = PBXBuildFile; fileRef = 6819BA802A45D19D0078CAA9 /* listFromJsonTests.swift */; };
		6819BA8C2A45D19D0078CAA9 /* listFromJsonUITests.swift in Sources */ = {isa = PBXBuildFile; fileRef = 6819BA8B2A45D19D0078CAA9 /* listFromJsonUITests.swift */; };
		6819BA9A2A45D8240078CAA9 /* TableViewController.swift in Sources */ = {isa = PBXBuildFile; fileRef = 6819BA992A45D8240078CAA9 /* TableViewController.swift */; };
		6819BA9C2A45E5690078CAA9 /* Api.swift in Sources */ = {isa = PBXBuildFile; fileRef = 6819BA9B2A45E5690078CAA9 /* Api.swift */; };
/* End PBXBuildFile section */

/* Begin PBXContainerItemProxy section */
		6819BA7D2A45D19D0078CAA9 /* PBXContainerItemProxy */ = {
			isa = PBXContainerItemProxy;
			containerPortal = 6819BA5E2A45D19B0078CAA9 /* Project object */;
			proxyType = 1;
			remoteGlobalIDString = 6819BA652A45D19B0078CAA9;
			remoteInfo = listFromJson;
		};
		6819BA882A45D19D0078CAA9 /* PBXContainerItemProxy */ = {
			isa = PBXContainerItemProxy;
			containerPortal = 6819BA5E2A45D19B0078CAA9 /* Project object */;
			proxyType = 1;
			remoteGlobalIDString = 6819BA652A45D19B0078CAA9;
			remoteInfo = listFromJson;
		};
/* End PBXContainerItemProxy section */

/* Begin PBXFileReference section */
		6819BA662A45D19B0078CAA9 /* listFromJson.app */ = {isa = PBXFileReference; explicitFileType = wrapper.application; includeInIndex = 0; path = listFromJson.app; sourceTree = BUILT_PRODUCTS_DIR; };
		6819BA692A45D19B0078CAA9 /* AppDelegate.swift */ = {isa = PBXFileReference; lastKnownFileType = sourcecode.swift; path = AppDelegate.swift; sourceTree = "<group>"; };
		6819BA6B2A45D19B0078CAA9 /* SceneDelegate.swift */ = {isa = PBXFileReference; lastKnownFileType = sourcecode.swift; path = SceneDelegate.swift; sourceTree = "<group>"; };
		6819BA6D2A45D19B0078CAA9 /* self.tableView.reloadData().swift */ = {isa = PBXFileReference; lastKnownFileType = sourcecode.swift; path = "self.tableView.reloadData().swift"; sourceTree = "<group>"; };
		6819BA702A45D19B0078CAA9 /* Base */ = {isa = PBXFileReference; lastKnownFileType = file.storyboard; name = Base; path = Base.lproj/Main.storyboard; sourceTree = "<group>"; };
		6819BA722A45D19D0078CAA9 /* Assets.xcassets */ = {isa = PBXFileReference; lastKnownFileType = folder.assetcatalog; path = Assets.xcassets; sourceTree = "<group>"; };
		6819BA752A45D19D0078CAA9 /* Base */ = {isa = PBXFileReference; lastKnownFileType = file.storyboard; name = Base; path = Base.lproj/LaunchScreen.storyboard; sourceTree = "<group>"; };
		6819BA772A45D19D0078CAA9 /* Info.plist */ = {isa = PBXFileReference; lastKnownFileType = text.plist.xml; path = Info.plist; sourceTree = "<group>"; };
		6819BA7C2A45D19D0078CAA9 /* listFromJsonTests.xctest */ = {isa = PBXFileReference; explicitFileType = wrapper.cfbundle; includeInIndex = 0; path = listFromJsonTests.xctest; sourceTree = BUILT_PRODUCTS_DIR; };
		6819BA802A45D19D0078CAA9 /* listFromJsonTests.swift */ = {isa = PBXFileReference; lastKnownFileType = sourcecode.swift; path = listFromJsonTests.swift; sourceTree = "<group>"; };
		6819BA822A45D19D0078CAA9 /* Info.plist */ = {isa = PBXFileReference; lastKnownFileType = text.plist.xml; path = Info.plist; sourceTree = "<group>"; };
		6819BA872A45D19D0078CAA9 /* listFromJsonUITests.xctest */ = {isa = PBXFileReference; explicitFileType = wrapper.cfbundle; includeInIndex = 0; path = listFromJsonUITests.xctest; sourceTree = BUILT_PRODUCTS_DIR; };
		6819BA8B2A45D19D0078CAA9 /* listFromJsonUITests.swift */ = {isa = PBXFileReference; lastKnownFileType = sourcecode.swift; path = listFromJsonUITests.swift; sourceTree = "<group>"; };
		6819BA8D2A45D19D0078CAA9 /* Info.plist */ = {isa = PBXFileReference; lastKnownFileType = text.plist.xml; path = Info.plist; sourceTree = "<group>"; };
		6819BA992A45D8240078CAA9 /* TableViewController.swift */ = {isa = PBXFileReference; lastKnownFileType = sourcecode.swift; path = TableViewController.swift; sourceTree = "<group>"; };
		6819BA9B2A45E5690078CAA9 /* Api.swift */ = {isa = PBXFileReference; lastKnownFileType = sourcecode.swift; path = Api.swift; sourceTree = "<group>"; };
/* End PBXFileReference section */

/* Begin PBXFrameworksBuildPhase section */
		6819BA632A45D19B0078CAA9 /* Frameworks */ = {
			isa = PBXFrameworksBuildPhase;
			buildActionMask = 2147483647;
			files = (
			);
			runOnlyForDeploymentPostprocessing = 0;
		};
		6819BA792A45D19D0078CAA9 /* Frameworks */ = {
			isa = PBXFrameworksBuildPhase;
			buildActionMask = 2147483647;
			files = (
			);
			runOnlyForDeploymentPostprocessing = 0;
		};
		6819BA842A45D19D0078CAA9 /* Frameworks */ = {
			isa = PBXFrameworksBuildPhase;
			buildActionMask = 2147483647;
			files = (
			);
			runOnlyForDeploymentPostprocessing = 0;
		};
/* End PBXFrameworksBuildPhase section */

/* Begin PBXGroup section */
		6819BA5D2A45D19B0078CAA9 = {
			isa = PBXGroup;
			children = (
				6819BA682A45D19B0078CAA9 /* listFromJson */,
				6819BA7F2A45D19D0078CAA9 /* listFromJsonTests */,
				6819BA8A2A45D19D0078CAA9 /* listFromJsonUITests */,
				6819BA672A45D19B0078CAA9 /* Products */,
			);
			sourceTree = "<group>";
		};
		6819BA672A45D19B0078CAA9 /* Products */ = {
			isa = PBXGroup;
			children = (
				6819BA662A45D19B0078CAA9 /* listFromJson.app */,
				6819BA7C2A45D19D0078CAA9 /* listFromJsonTests.xctest */,
				6819BA872A45D19D0078CAA9 /* listFromJsonUITests.xctest */,
			);
			name = Products;
			sourceTree = "<group>";
		};
		6819BA682A45D19B0078CAA9 /* listFromJson */ = {
			isa = PBXGroup;
			children = (
				6819BA692A45D19B0078CAA9 /* AppDelegate.swift */,
				6819BA6B2A45D19B0078CAA9 /* SceneDelegate.swift */,
				6819BA6D2A45D19B0078CAA9 /* self.tableView.reloadData().swift */,
				6819BA6F2A45D19B0078CAA9 /* Main.storyboard */,
				6819BA722A45D19D0078CAA9 /* Assets.xcassets */,
				6819BA742A45D19D0078CAA9 /* LaunchScreen.storyboard */,
				6819BA772A45D19D0078CAA9 /* Info.plist */,
				6819BA992A45D8240078CAA9 /* TableViewController.swift */,
				6819BA9B2A45E5690078CAA9 /* Api.swift */,
			);
			path = listFromJson;
			sourceTree = "<group>";
		};
		6819BA7F2A45D19D0078CAA9 /* listFromJsonTests */ = {
			isa = PBXGroup;
			children = (
				6819BA802A45D19D0078CAA9 /* listFromJsonTests.swift */,
				6819BA822A45D19D0078CAA9 /* Info.plist */,
			);
			path = listFromJsonTests;
			sourceTree = "<group>";
		};
		6819BA8A2A45D19D0078CAA9 /* listFromJsonUITests */ = {
			isa = PBXGroup;
			children = (
				6819BA8B2A45D19D0078CAA9 /* listFromJsonUITests.swift */,
				6819BA8D2A45D19D0078CAA9 /* Info.plist */,
			);
			path = listFromJsonUITests;
			sourceTree = "<group>";
		};
/* End PBXGroup section */

/* Begin PBXNativeTarget section */
		6819BA652A45D19B0078CAA9 /* listFromJson */ = {
			isa = PBXNativeTarget;
			buildConfigurationList = 6819BA902A45D19D0078CAA9 /* Build configuration list for PBXNativeTarget "listFromJson" */;
			buildPhases = (
				6819BA622A45D19B0078CAA9 /* Sources */,
				6819BA632A45D19B0078CAA9 /* Frameworks */,
				6819BA642A45D19B0078CAA9 /* Resources */,
			);
			buildRules = (
			);
			dependencies = (
			);
			name = listFromJson;
			productName = listFromJson;
			productReference = 6819BA662A45D19B0078CAA9 /* listFromJson.app */;
			productType = "com.apple.product-type.application";
		};
		6819BA7B2A45D19D0078CAA9 /* listFromJsonTests */ = {
			isa = PBXNativeTarget;
			buildConfigurationList = 6819BA932A45D19D0078CAA9 /* Build configuration list for PBXNativeTarget "listFromJsonTests" */;
			buildPhases = (
				6819BA782A45D19D0078CAA9 /* Sources */,
				6819BA792A45D19D0078CAA9 /* Frameworks */,
				6819BA7A2A45D19D0078CAA9 /* Resources */,
			);
			buildRules = (
			);
			dependencies = (
				6819BA7E2A45D19D0078CAA9 /* PBXTargetDependency */,
			);
			name = listFromJsonTests;
			productName = listFromJsonTests;
			productReference = 6819BA7C2A45D19D0078CAA9 /* listFromJsonTests.xctest */;
			productType = "com.apple.product-type.bundle.unit-test";
		};
		6819BA862A45D19D0078CAA9 /* listFromJsonUITests */ = {
			isa = PBXNativeTarget;
			buildConfigurationList = 6819BA962A45D19D0078CAA9 /* Build configuration list for PBXNativeTarget "listFromJsonUITests" */;
			buildPhases = (
				6819BA832A45D19D0078CAA9 /* Sources */,
				6819BA842A45D19D0078CAA9 /* Frameworks */,
				6819BA852A45D19D0078CAA9 /* Resources */,
			);
			buildRules = (
			);
			dependencies = (
				6819BA892A45D19D0078CAA9 /* PBXTargetDependency */,
			);
			name = listFromJsonUITests;
			productName = listFromJsonUITests;
			productReference = 6819BA872A45D19D0078CAA9 /* listFromJsonUITests.xctest */;
			productType = "com.apple.product-type.bundle.ui-testing";
		};
/* End PBXNativeTarget section */

/* Begin PBXProject section */
		6819BA5E2A45D19B0078CAA9 /* Project object */ = {
			isa = PBXProject;
			attributes = {
				LastSwiftUpdateCheck = 1250;
				LastUpgradeCheck = 1250;
				TargetAttributes = {
					6819BA652A45D19B0078CAA9 = {
						CreatedOnToolsVersion = 12.5.1;
					};
					6819BA7B2A45D19D0078CAA9 = {
						CreatedOnToolsVersion = 12.5.1;
						TestTargetID = 6819BA652A45D19B0078CAA9;
					};
					6819BA862A45D19D0078CAA9 = {
						CreatedOnToolsVersion = 12.5.1;
						TestTargetID = 6819BA652A45D19B0078CAA9;
					};
				};
			};
			buildConfigurationList = 6819BA612A45D19B0078CAA9 /* Build configuration list for PBXProject "listFromJson" */;
			compatibilityVersion = "Xcode 9.3";
			developmentRegion = en;
			hasScannedForEncodings = 0;
			knownRegions = (
				en,
				Base,
			);
			mainGroup = 6819BA5D2A45D19B0078CAA9;
			productRefGroup = 6819BA672A45D19B0078CAA9 /* Products */;
			projectDirPath = "";
			projectRoot = "";
			targets = (
				6819BA652A45D19B0078CAA9 /* listFromJson */,
				6819BA7B2A45D19D0078CAA9 /* listFromJsonTests */,
				6819BA862A45D19D0078CAA9 /* listFromJsonUITests */,
			);
		};
/* End PBXProject section */

/* Begin PBXResourcesBuildPhase section */
		6819BA642A45D19B0078CAA9 /* Resources */ = {
			isa = PBXResourcesBuildPhase;
			buildActionMask = 2147483647;
			files = (
				6819BA762A45D19D0078CAA9 /* LaunchScreen.storyboard in Resources */,
				6819BA732A45D19D0078CAA9 /* Assets.xcassets in Resources */,
				6819BA712A45D19B0078CAA9 /* Main.storyboard in Resources */,
			);
			runOnlyForDeploymentPostprocessing = 0;
		};
		6819BA7A2A45D19D0078CAA9 /* Resources */ = {
			isa = PBXResourcesBuildPhase;
			buildActionMask = 2147483647;
			files = (
			);
			runOnlyForDeploymentPostprocessing = 0;
		};
		6819BA852A45D19D0078CAA9 /* Resources */ = {
			isa = PBXResourcesBuildPhase;
			buildActionMask = 2147483647;
			files = (
			);
			runOnlyForDeploymentPostprocessing = 0;
		};
/* End PBXResourcesBuildPhase section */

/* Begin PBXSourcesBuildPhase section */
		6819BA622A45D19B0078CAA9 /* Sources */ = {
			isa = PBXSourcesBuildPhase;
			buildActionMask = 2147483647;
			files = (
				6819BA6E2A45D19B0078CAA9 /* self.tableView.reloadData().swift in Sources */,
				6819BA6A2A45D19B0078CAA9 /* AppDelegate.swift in Sources */,
				6819BA6C2A45D19B0078CAA9 /* SceneDelegate.swift in Sources */,
				6819BA9C2A45E5690078CAA9 /* Api.swift in Sources */,
				6819BA9A2A45D8240078CAA9 /* TableViewController.swift in Sources */,
			);
			runOnlyForDeploymentPostprocessing = 0;
		};
		6819BA782A45D19D0078CAA9 /* Sources */ = {
			isa = PBXSourcesBuildPhase;
			buildActionMask = 2147483647;
			files = (
				6819BA812A45D19D0078CAA9 /* listFromJsonTests.swift in Sources */,
			);
			runOnlyForDeploymentPostprocessing = 0;
		};
		6819BA832A45D19D0078CAA9 /* Sources */ = {
			isa = PBXSourcesBuildPhase;
			buildActionMask = 2147483647;
			files = (
				6819BA8C2A45D19D0078CAA9 /* listFromJsonUITests.swift in Sources */,
			);
			runOnlyForDeploymentPostprocessing = 0;
		};
/* End PBXSourcesBuildPhase section */

/* Begin PBXTargetDependency section */
		6819BA7E2A45D19D0078CAA9 /* PBXTargetDependency */ = {
			isa = PBXTargetDependency;
			target = 6819BA652A45D19B0078CAA9 /* listFromJson */;
			targetProxy = 6819BA7D2A45D19D0078CAA9 /* PBXContainerItemProxy */;
		};
		6819BA892A45D19D0078CAA9 /* PBXTargetDependency */ = {
			isa = PBXTargetDependency;
			target = 6819BA652A45D19B0078CAA9 /* listFromJson */;
			targetProxy = 6819BA882A45D19D0078CAA9 /* PBXContainerItemProxy */;
		};
/* End PBXTargetDependency section */

/* Begin PBXVariantGroup section */
		6819BA6F2A45D19B0078CAA9 /* Main.storyboard */ = {
			isa = PBXVariantGroup;
			children = (
				6819BA702A45D19B0078CAA9 /* Base */,
			);
			name = Main.storyboard;
			sourceTree = "<group>";
		};
		6819BA742A45D19D0078CAA9 /* LaunchScreen.storyboard */ = {
			isa = PBXVariantGroup;
			children = (
				6819BA752A45D19D0078CAA9 /* Base */,
			);
			name = LaunchScreen.storyboard;
			sourceTree = "<group>";
		};
/* End PBXVariantGroup section */

/* Begin XCBuildConfiguration section */
		6819BA8E2A45D19D0078CAA9 /* Debug */ = {
			isa = XCBuildConfiguration;
			buildSettings = {
				ALWAYS_SEARCH_USER_PATHS = NO;
				CLANG_ANALYZER_NONNULL = YES;
				CLANG_ANALYZER_NUMBER_OBJECT_CONVERSION = YES_AGGRESSIVE;
				CLANG_CXX_LANGUAGE_STANDARD = "gnu++14";
				CLANG_CXX_LIBRARY = "libc++";
				CLANG_ENABLE_MODULES = YES;
				CLANG_ENABLE_OBJC_ARC = YES;
				CLANG_ENABLE_OBJC_WEAK = YES;
				CLANG_WARN_BLOCK_CAPTURE_AUTORELEASING = YES;
				CLANG_WARN_BOOL_CONVERSION = YES;
				CLANG_WARN_COMMA = YES;
				CLANG_WARN_CONSTANT_CONVERSION = YES;
				CLANG_WARN_DEPRECATED_OBJC_IMPLEMENTATIONS = YES;
				CLANG_WARN_DIRECT_OBJC_ISA_USAGE = YES_ERROR;
				CLANG_WARN_DOCUMENTATION_COMMENTS = YES;
				CLANG_WARN_EMPTY_BODY = YES;
				CLANG_WARN_ENUM_CONVERSION = YES;
				CLANG_WARN_INFINITE_RECURSION = YES;
				CLANG_WARN_INT_CONVERSION = YES;
				CLANG_WARN_NON_LITERAL_NULL_CONVERSION = YES;
				CLANG_WARN_OBJC_IMPLICIT_RETAIN_SELF = YES;
				CLANG_WARN_OBJC_LITERAL_CONVERSION = YES;
				CLANG_WARN_OBJC_ROOT_CLASS = YES_ERROR;
				CLANG_WARN_QUOTED_INCLUDE_IN_FRAMEWORK_HEADER = YES;
				CLANG_WARN_RANGE_LOOP_ANALYSIS = YES;
				CLANG_WARN_STRICT_PROTOTYPES = YES;
				CLANG_WARN_SUSPICIOUS_MOVE = YES;
				CLANG_WARN_UNGUARDED_AVAILABILITY = YES_AGGRESSIVE;
				CLANG_WARN_UNREACHABLE_CODE = YES;
				CLANG_WARN__DUPLICATE_METHOD_MATCH = YES;
				COPY_PHASE_STRIP = NO;
				DEBUG_INFORMATION_FORMAT = dwarf;
				ENABLE_STRICT_OBJC_MSGSEND = YES;
				ENABLE_TESTABILITY = YES;
				GCC_C_LANGUAGE_STANDARD = gnu11;
				GCC_DYNAMIC_NO_PIC = NO;
				GCC_NO_COMMON_BLOCKS = YES;
				GCC_OPTIMIZATION_LEVEL = 0;
				GCC_PREPROCESSOR_DEFINITIONS = (
					"DEBUG=1",
					"$(inherited)",
				);
				GCC_WARN_64_TO_32_BIT_CONVERSION = YES;
				GCC_WARN_ABOUT_RETURN_TYPE = YES_ERROR;
				GCC_WARN_UNDECLARED_SELECTOR = YES;
				GCC_WARN_UNINITIALIZED_AUTOS = YES_AGGRESSIVE;
				GCC_WARN_UNUSED_FUNCTION = YES;
				GCC_WARN_UNUSED_VARIABLE = YES;
				IPHONEOS_DEPLOYMENT_TARGET = 14.5;
				MTL_ENABLE_DEBUG_INFO = INCLUDE_SOURCE;
				MTL_FAST_MATH = YES;
				ONLY_ACTIVE_ARCH = YES;
				SDKROOT = iphoneos;
				SWIFT_ACTIVE_COMPILATION_CONDITIONS = DEBUG;
				SWIFT_OPTIMIZATION_LEVEL = "-Onone";
			};
			name = Debug;
		};
		6819BA8F2A45D19D0078CAA9 /* Release */ = {
			isa = XCBuildConfiguration;
			buildSettings = {
				ALWAYS_SEARCH_USER_PATHS = NO;
				CLANG_ANALYZER_NONNULL = YES;
				CLANG_ANALYZER_NUMBER_OBJECT_CONVERSION = YES_AGGRESSIVE;
				CLANG_CXX_LANGUAGE_STANDARD = "gnu++14";
				CLANG_CXX_LIBRARY = "libc++";
				CLANG_ENABLE_MODULES = YES;
				CLANG_ENABLE_OBJC_ARC = YES;
				CLANG_ENABLE_OBJC_WEAK = YES;
				CLANG_WARN_BLOCK_CAPTURE_AUTORELEASING = YES;
				CLANG_WARN_BOOL_CONVERSION = YES;
				CLANG_WARN_COMMA = YES;
				CLANG_WARN_CONSTANT_CONVERSION = YES;
				CLANG_WARN_DEPRECATED_OBJC_IMPLEMENTATIONS = YES;
				CLANG_WARN_DIRECT_OBJC_ISA_USAGE = YES_ERROR;
				CLANG_WARN_DOCUMENTATION_COMMENTS = YES;
				CLANG_WARN_EMPTY_BODY = YES;
				CLANG_WARN_ENUM_CONVERSION = YES;
				CLANG_WARN_INFINITE_RECURSION = YES;
				CLANG_WARN_INT_CONVERSION = YES;
				CLANG_WARN_NON_LITERAL_NULL_CONVERSION = YES;
				CLANG_WARN_OBJC_IMPLICIT_RETAIN_SELF = YES;
				CLANG_WARN_OBJC_LITERAL_CONVERSION = YES;
				CLANG_WARN_OBJC_ROOT_CLASS = YES_ERROR;
				CLANG_WARN_QUOTED_INCLUDE_IN_FRAMEWORK_HEADER = YES;
				CLANG_WARN_RANGE_LOOP_ANALYSIS = YES;
				CLANG_WARN_STRICT_PROTOTYPES = YES;
				CLANG_WARN_SUSPICIOUS_MOVE = YES;
				CLANG_WARN_UNGUARDED_AVAILABILITY = YES_AGGRESSIVE;
				CLANG_WARN_UNREACHABLE_CODE = YES;
				CLANG_WARN__DUPLICATE_METHOD_MATCH = YES;
				COPY_PHASE_STRIP = NO;
				DEBUG_INFORMATION_FORMAT = "dwarf-with-dsym";
				ENABLE_NS_ASSERTIONS = NO;
				ENABLE_STRICT_OBJC_MSGSEND = YES;
				GCC_C_LANGUAGE_STANDARD = gnu11;
				GCC_NO_COMMON_BLOCKS = YES;
				GCC_WARN_64_TO_32_BIT_CONVERSION = YES;
				GCC_WARN_ABOUT_RETURN_TYPE = YES_ERROR;
				GCC_WARN_UNDECLARED_SELECTOR = YES;
				GCC_WARN_UNINITIALIZED_AUTOS = YES_AGGRESSIVE;
				GCC_WARN_UNUSED_FUNCTION = YES;
				GCC_WARN_UNUSED_VARIABLE = YES;
				IPHONEOS_DEPLOYMENT_TARGET = 14.5;
				MTL_ENABLE_DEBUG_INFO = NO;
				MTL_FAST_MATH = YES;
				SDKROOT = iphoneos;
				SWIFT_COMPILATION_MODE = wholemodule;
				SWIFT_OPTIMIZATION_LEVEL = "-O";
				VALIDATE_PRODUCT = YES;
			};
			name = Release;
		};
		6819BA912A45D19D0078CAA9 /* Debug */ = {
			isa = XCBuildConfiguration;
			buildSettings = {
				ASSETCATALOG_COMPILER_APPICON_NAME = AppIcon;
				ASSETCATALOG_COMPILER_GLOBAL_ACCENT_COLOR_NAME = AccentColor;
				CODE_SIGN_STYLE = Automatic;
				INFOPLIST_FILE = listFromJson/Info.plist;
				LD_RUNPATH_SEARCH_PATHS = (
					"$(inherited)",
					"@executable_path/Frameworks",
				);
				PRODUCT_BUNDLE_IDENTIFIER = com.soufian.listFromJson;
				PRODUCT_NAME = "$(TARGET_NAME)";
				SWIFT_VERSION = 5.0;
				TARGETED_DEVICE_FAMILY = "1,2";
			};
			name = Debug;
		};
		6819BA922A45D19D0078CAA9 /* Release */ = {
			isa = XCBuildConfiguration;
			buildSettings = {
				ASSETCATALOG_COMPILER_APPICON_NAME = AppIcon;
				ASSETCATALOG_COMPILER_GLOBAL_ACCENT_COLOR_NAME = AccentColor;
				CODE_SIGN_STYLE = Automatic;
				INFOPLIST_FILE = listFromJson/Info.plist;
				LD_RUNPATH_SEARCH_PATHS = (
					"$(inherited)",
					"@executable_path/Frameworks",
				);
				PRODUCT_BUNDLE_IDENTIFIER = com.soufian.listFromJson;
				PRODUCT_NAME = "$(TARGET_NAME)";
				SWIFT_VERSION = 5.0;
				TARGETED_DEVICE_FAMILY = "1,2";
			};
			name = Release;
		};
		6819BA942A45D19D0078CAA9 /* Debug */ = {
			isa = XCBuildConfiguration;
			buildSettings = {
				ALWAYS_EMBED_SWIFT_STANDARD_LIBRARIES = YES;
				BUNDLE_LOADER = "$(TEST_HOST)";
				CODE_SIGN_STYLE = Automatic;
				INFOPLIST_FILE = listFromJsonTests/Info.plist;
				IPHONEOS_DEPLOYMENT_TARGET = 14.5;
				LD_RUNPATH_SEARCH_PATHS = (
					"$(inherited)",
					"@executable_path/Frameworks",
					"@loader_path/Frameworks",
				);
				PRODUCT_BUNDLE_IDENTIFIER = com.soufian.listFromJsonTests;
				PRODUCT_NAME = "$(TARGET_NAME)";
				SWIFT_VERSION = 5.0;
				TARGETED_DEVICE_FAMILY = "1,2";
				TEST_HOST = "$(BUILT_PRODUCTS_DIR)/listFromJson.app/listFromJson";
			};
			name = Debug;
		};
		6819BA952A45D19D0078CAA9 /* Release */ = {
			isa = XCBuildConfiguration;
			buildSettings = {
				ALWAYS_EMBED_SWIFT_STANDARD_LIBRARIES = YES;
				BUNDLE_LOADER = "$(TEST_HOST)";
				CODE_SIGN_STYLE = Automatic;
				INFOPLIST_FILE = listFromJsonTests/Info.plist;
				IPHONEOS_DEPLOYMENT_TARGET = 14.5;
				LD_RUNPATH_SEARCH_PATHS = (
					"$(inherited)",
					"@executable_path/Frameworks",
					"@loader_path/Frameworks",
				);
				PRODUCT_BUNDLE_IDENTIFIER = com.soufian.listFromJsonTests;
				PRODUCT_NAME = "$(TARGET_NAME)";
				SWIFT_VERSION = 5.0;
				TARGETED_DEVICE_FAMILY = "1,2";
				TEST_HOST = "$(BUILT_PRODUCTS_DIR)/listFromJson.app/listFromJson";
			};
			name = Release;
		};
		6819BA972A45D19D0078CAA9 /* Debug */ = {
			isa = XCBuildConfiguration;
			buildSettings = {
				ALWAYS_EMBED_SWIFT_STANDARD_LIBRARIES = YES;
				CODE_SIGN_STYLE = Automatic;
				INFOPLIST_FILE = listFromJsonUITests/Info.plist;
				LD_RUNPATH_SEARCH_PATHS = (
					"$(inherited)",
					"@executable_path/Frameworks",
					"@loader_path/Frameworks",
				);
				PRODUCT_BUNDLE_IDENTIFIER = com.soufian.listFromJsonUITests;
				PRODUCT_NAME = "$(TARGET_NAME)";
				SWIFT_VERSION = 5.0;
				TARGETED_DEVICE_FAMILY = "1,2";
				TEST_TARGET_NAME = listFromJson;
			};
			name = Debug;
		};
		6819BA982A45D19D0078CAA9 /* Release */ = {
			isa = XCBuildConfiguration;
			buildSettings = {
				ALWAYS_EMBED_SWIFT_STANDARD_LIBRARIES = YES;
				CODE_SIGN_STYLE = Automatic;
				INFOPLIST_FILE = listFromJsonUITests/Info.plist;
				LD_RUNPATH_SEARCH_PATHS = (
					"$(inherited)",
					"@executable_path/Frameworks",
					"@loader_path/Frameworks",
				);
				PRODUCT_BUNDLE_IDENTIFIER = com.soufian.listFromJsonUITests;
				PRODUCT_NAME = "$(TARGET_NAME)";
				SWIFT_VERSION = 5.0;
				TARGETED_DEVICE_FAMILY = "1,2";
				TEST_TARGET_NAME = listFromJson;
			};
			name = Release;
		};
/* End XCBuildConfiguration section */

/* Begin XCConfigurationList section */
		6819BA612A45D19B0078CAA9 /* Build configuration list for PBXProject "listFromJson" */ = {
			isa = XCConfigurationList;
			buildConfigurations = (
				6819BA8E2A45D19D0078CAA9 /* Debug */,
				6819BA8F2A45D19D0078CAA9 /* Release */,
			);
			defaultConfigurationIsVisible = 0;
			defaultConfigurationName = Release;
		};
		6819BA902A45D19D0078CAA9 /* Build configuration list for PBXNativeTarget "listFromJson" */ = {
			isa = XCConfigurationList;
			buildConfigurations = (
				6819BA912A45D19D0078CAA9 /* Debug */,
				6819BA922A45D19D0078CAA9 /* Release */,
			);
			defaultConfigurationIsVisible = 0;
			defaultConfigurationName = Release;
		};
		6819BA932A45D19D0078CAA9 /* Build configuration list for PBXNativeTarget "listFromJsonTests" */ = {
			isa = XCConfigurationList;
			buildConfigurations = (
				6819BA942A45D19D0078CAA9 /* Debug */,
				6819BA952A45D19D0078CAA9 /* Release */,
			);
			defaultConfigurationIsVisible = 0;
			defaultConfigurationName = Release;
		};
		6819BA962A45D19D0078CAA9 /* Build configuration list for PBXNativeTarget "listFromJsonUITests" */ = {
			isa = XCConfigurationList;
			buildConfigurations = (
				6819BA972A45D19D0078CAA9 /* Debug */,
				6819BA982A45D19D0078CAA9 /* Release */,
			);
			defaultConfigurationIsVisible = 0;
			defaultConfigurationName = Release;
		};
/* End XCConfigurationList section */
	};
	rootObject = 6819BA5E2A45D19B0078CAA9 /* Project object */;
}
